
Microsoft Visual Studio Solution File, Format Version 12.00
# Visual Studio Version 16
VisualStudioVersion = 16.0.30128.74
MinimumVisualStudioVersion = 10.0.40219.1
Project("{2150E333-8FDC-42A3-9474-1A3956D46DE8}") = "Libs", "Libs", "{1275F362-2F28-4F6D-8F73-DBAEAA4F9F8D}"
	ProjectSection(SolutionItems) = preProject
		Lib\C5.dll = Lib\C5.dll
		Lib\Plossum CommandLine.dll = Lib\Plossum CommandLine.dll
	EndProjectSection
EndProject
Project("{2150E333-8FDC-42A3-9474-1A3956D46DE8}") = "Solution Items", "Solution Items", "{80BAE5FB-608B-4D2E-8705-0CE1475E9EAD}"
	ProjectSection(SolutionItems) = preProject
		.gitignore = .gitignore
		LICENSE = LICENSE
		README.md = README.md
	EndProjectSection
EndProject
Project("{9A19103F-16F7-4668-BE54-9A1E7A4F7556}") = "FTPSClient", "FTPSClient\FTPSClient.csproj", "{B88011D7-3C15-4DD8-91C4-BC9E1EE7E9F7}"
EndProject
Project("{9A19103F-16F7-4668-BE54-9A1E7A4F7556}") = "FTPSClientCmdApp", "FTPSClientCmdApp\FTPSClientCmdApp.csproj", "{795AEE59-E0B6-4996-815D-06F933481223}"
EndProject
Global
	GlobalSection(SolutionConfigurationPlatforms) = preSolution
		Debug|Any CPU = Debug|Any CPU
		Release|Any CPU = Release|Any CPU
	EndGlobalSection
	GlobalSection(ProjectConfigurationPlatforms) = postSolution
		{B88011D7-3C15-4DD8-91C4-BC9E1EE7E9F7}.Debug|Any CPU.ActiveCfg = Debug|Any CPU
		{B88011D7-3C15-4DD8-91C4-BC9E1EE7E9F7}.Debug|Any CPU.Build.0 = Debug|Any CPU
		{B88011D7-3C15-4DD8-91C4-BC9E1EE7E9F7}.Release|Any CPU.ActiveCfg = Release|Any CPU
		{B88011D7-3C15-4DD8-91C4-BC9E1EE7E9F7}.Release|Any CPU.Build.0 = Release|Any CPU
		{795AEE59-E0B6-4996-815D-06F933481223}.Debug|Any CPU.ActiveCfg = Debug|Any CPU
		{795AEE59-E0B6-4996-815D-06F933481223}.Debug|Any CPU.Build.0 = Debug|Any CPU
		{795AEE59-E0B6-4996-815D-06F933481223}.Release|Any CPU.ActiveCfg = Release|Any CPU
		{795AEE59-E0B6-4996-815D-06F933481223}.Release|Any CPU.Build.0 = Release|Any CPU
	EndGlobalSection
	GlobalSection(SolutionProperties) = preSolution
		HideSolutionNode = FALSE
	EndGlobalSection
	GlobalSection(ExtensibilityGlobals) = postSolution
		SolutionGuid = {D63C17B4-C053-4B32-B7AF-F15163295F6B}
	EndGlobalSection
EndGlobal
